
Microsoft Visual Studio Solution File, Format Version 12.00
# Visual Studio 15
VisualStudioVersion = 15.0.28307.102
MinimumVisualStudioVersion = 10.0.40219.1
Project("{9A19103F-16F7-4668-BE54-9A1E7A4F7556}") = "DatingApp.API", "DatingApp.API.csproj", "{16891852-8176-427B-9CB7-3E01AB04A051}"
EndProject
Global
	GlobalSection(SolutionConfigurationPlatforms) = preSolution
		Debug|Any CPU = Debug|Any CPU
		Release|Any CPU = Release|Any CPU
	EndGlobalSection
	GlobalSection(ProjectConfigurationPlatforms) = postSolution
		{16891852-8176-427B-9CB7-3E01AB04A051}.Debug|Any CPU.ActiveCfg = Debug|Any CPU
		{16891852-8176-427B-9CB7-3E01AB04A051}.Debug|Any CPU.Build.0 = Debug|Any CPU
		{16891852-8176-427B-9CB7-3E01AB04A051}.Release|Any CPU.ActiveCfg = Release|Any CPU
		{16891852-8176-427B-9CB7-3E01AB04A051}.Release|Any CPU.Build.0 = Release|Any CPU
	EndGlobalSection
	GlobalSection(SolutionProperties) = preSolution
		HideSolutionNode = FALSE
	EndGlobalSection
	GlobalSection(ExtensibilityGlobals) = postSolution
		SolutionGuid = {B422668F-C5E8-4017-8E42-0B955ED6B363}
	EndGlobalSection
EndGlobal
